
Microsoft Visual Studio Solution File, Format Version 12.00
# Visual Studio 14
VisualStudioVersion = 14.0.25420.1
MinimumVisualStudioVersion = 10.0.40219.1
Project("{FAE04EC0-301F-11D3-BF4B-00C04F79EFBC}") = "MVC", "MVC\MVC.csproj", "{51B07BCF-1B90-4D9B-8AF6-A6275DEF0104}"
EndProject
Project("{2150E333-8FDC-42A3-9474-1A3956D46DE8}") = "View And Controller", "View And Controller", "{28D22B00-EBFA-42F0-9C78-02E4D4C88D4D}"
EndProject
Project("{2150E333-8FDC-42A3-9474-1A3956D46DE8}") = "Model", "Model", "{FAE0DC7F-D05A-4FE0-86E4-DB7786A4CAA3}"
EndProject
Project("{2150E333-8FDC-42A3-9474-1A3956D46DE8}") = "ViewModel", "ViewModel", "{FA4E962C-9FCD-44C2-A526-70B2007E03FE}"
EndProject
Project("{2150E333-8FDC-42A3-9474-1A3956D46DE8}") = "Data Access Layer", "Data Access Layer", "{7FE9542B-1A8A-4E46-93FA-2D7FAF79EB73}"
EndProject
Project("{FAE04EC0-301F-11D3-BF4B-00C04F79EFBC}") = "DataAccessLayer", "DataAccessLayer\DataAccessLayer.csproj", "{1F52FF1D-2E7E-4CFD-8899-F6A7DE7CF46D}"
EndProject
Project("{FAE04EC0-301F-11D3-BF4B-00C04F79EFBC}") = "BusinessLayer", "BusinessLayer\BusinessLayer.csproj", "{ECD53455-20E4-4716-97A2-07FBB97EBC5C}"
EndProject
Project("{FAE04EC0-301F-11D3-BF4B-00C04F79EFBC}") = "BusinessEntities", "BusinessEntities\BusinessEntities.csproj", "{F750E077-3E95-4577-AE23-2CC11EE8D0FC}"
EndProject
Project("{FAE04EC0-301F-11D3-BF4B-00C04F79EFBC}") = "ViewModel", "ViewModel\ViewModel.csproj", "{13D8CB0A-8A83-48E2-816E-69CFF86F1964}"
EndProject
Global
	GlobalSection(SolutionConfigurationPlatforms) = preSolution
		Debug|Any CPU = Debug|Any CPU
		Release|Any CPU = Release|Any CPU
	EndGlobalSection
	GlobalSection(ProjectConfigurationPlatforms) = postSolution
		{51B07BCF-1B90-4D9B-8AF6-A6275DEF0104}.Debug|Any CPU.ActiveCfg = Debug|Any CPU
		{51B07BCF-1B90-4D9B-8AF6-A6275DEF0104}.Debug|Any CPU.Build.0 = Debug|Any CPU
		{51B07BCF-1B90-4D9B-8AF6-A6275DEF0104}.Release|Any CPU.ActiveCfg = Release|Any CPU
		{51B07BCF-1B90-4D9B-8AF6-A6275DEF0104}.Release|Any CPU.Build.0 = Release|Any CPU
		{1F52FF1D-2E7E-4CFD-8899-F6A7DE7CF46D}.Debug|Any CPU.ActiveCfg = Debug|Any CPU
		{1F52FF1D-2E7E-4CFD-8899-F6A7DE7CF46D}.Debug|Any CPU.Build.0 = Debug|Any CPU
		{1F52FF1D-2E7E-4CFD-8899-F6A7DE7CF46D}.Release|Any CPU.ActiveCfg = Release|Any CPU
		{1F52FF1D-2E7E-4CFD-8899-F6A7DE7CF46D}.Release|Any CPU.Build.0 = Release|Any CPU
		{ECD53455-20E4-4716-97A2-07FBB97EBC5C}.Debug|Any CPU.ActiveCfg = Debug|Any CPU
		{ECD53455-20E4-4716-97A2-07FBB97EBC5C}.Debug|Any CPU.Build.0 = Debug|Any CPU
		{ECD53455-20E4-4716-97A2-07FBB97EBC5C}.Release|Any CPU.ActiveCfg = Release|Any CPU
		{ECD53455-20E4-4716-97A2-07FBB97EBC5C}.Release|Any CPU.Build.0 = Release|Any CPU
		{F750E077-3E95-4577-AE23-2CC11EE8D0FC}.Debug|Any CPU.ActiveCfg = Debug|Any CPU
		{F750E077-3E95-4577-AE23-2CC11EE8D0FC}.Debug|Any CPU.Build.0 = Debug|Any CPU
		{F750E077-3E95-4577-AE23-2CC11EE8D0FC}.Release|Any CPU.ActiveCfg = Release|Any CPU
		{F750E077-3E95-4577-AE23-2CC11EE8D0FC}.Release|Any CPU.Build.0 = Release|Any CPU
		{13D8CB0A-8A83-48E2-816E-69CFF86F1964}.Debug|Any CPU.ActiveCfg = Debug|Any CPU
		{13D8CB0A-8A83-48E2-816E-69CFF86F1964}.Debug|Any CPU.Build.0 = Debug|Any CPU
		{13D8CB0A-8A83-48E2-816E-69CFF86F1964}.Release|Any CPU.ActiveCfg = Release|Any CPU
		{13D8CB0A-8A83-48E2-816E-69CFF86F1964}.Release|Any CPU.Build.0 = Release|Any CPU
	EndGlobalSection
	GlobalSection(SolutionProperties) = preSolution
		HideSolutionNode = FALSE
	EndGlobalSection
	GlobalSection(NestedProjects) = preSolution
		{51B07BCF-1B90-4D9B-8AF6-A6275DEF0104} = {28D22B00-EBFA-42F0-9C78-02E4D4C88D4D}
		{1F52FF1D-2E7E-4CFD-8899-F6A7DE7CF46D} = {7FE9542B-1A8A-4E46-93FA-2D7FAF79EB73}
		{ECD53455-20E4-4716-97A2-07FBB97EBC5C} = {FAE0DC7F-D05A-4FE0-86E4-DB7786A4CAA3}
		{F750E077-3E95-4577-AE23-2CC11EE8D0FC} = {FAE0DC7F-D05A-4FE0-86E4-DB7786A4CAA3}
		{13D8CB0A-8A83-48E2-816E-69CFF86F1964} = {FA4E962C-9FCD-44C2-A526-70B2007E03FE}
	EndGlobalSection
EndGlobal
